
Microsoft Visual Studio Solution File, Format Version 12.00
# Visual Studio Version 17
VisualStudioVersion = 17.0.31903.59
MinimumVisualStudioVersion = 10.0.40219.1
Project("{2150E333-8FDC-42A3-9474-1A3956D46DE8}") = "Services", "Services", "{70F54282-BAA5-4B1D-94EB-F98BD577C1A9}"
EndProject
Project("{2150E333-8FDC-42A3-9474-1A3956D46DE8}") = "Event", "Event", "{205E7B3A-DB0D-497A-98C5-722676927192}"
EndProject
Project("{FAE04EC0-301F-11D3-BF4B-00C04F79EFBC}") = "Event.Api", "Services\Event\Event.Api\Event.Api.csproj", "{E33292C4-BBBA-48DF-BEA6-D5EF79CFFAAE}"
EndProject
Project("{2150E333-8FDC-42A3-9474-1A3956D46DE8}") = "Admin", "Admin", "{E95E0C7D-4A9F-4439-A031-DDF4E6C67896}"
EndProject
Project("{FAE04EC0-301F-11D3-BF4B-00C04F79EFBC}") = "Admin.Api", "Services\Admin\Admin.Api\Admin.Api.csproj", "{A955BEAC-D43A-4B0B-B5A0-9FAC386976EF}"
EndProject
Project("{2150E333-8FDC-42A3-9474-1A3956D46DE8}") = "Fund", "Fund", "{6E89A521-9BDE-451A-AC81-FC9878DCE892}"
EndProject
Project("{FAE04EC0-301F-11D3-BF4B-00C04F79EFBC}") = "Fund.Api", "Services\Fund\Fund.Api\Fund.Api.csproj", "{93D3A1E1-9681-4D39-823F-7D0F4D9D649A}"
EndProject
Project("{2150E333-8FDC-42A3-9474-1A3956D46DE8}") = "Registration", "Registration", "{DFF9DA2D-DEEF-48EB-BE71-CC4E88C3D67A}"
EndProject
Project("{FAE04EC0-301F-11D3-BF4B-00C04F79EFBC}") = "Registration.Api", "Services\Registration\Registration.Api\Registration.Api.csproj", "{7906760F-437C-47BA-8426-0E28C0D1C080}"
EndProject
Global
	GlobalSection(SolutionConfigurationPlatforms) = preSolution
		Debug|Any CPU = Debug|Any CPU
		Release|Any CPU = Release|Any CPU
	EndGlobalSection
	GlobalSection(SolutionProperties) = preSolution
		HideSolutionNode = FALSE
	EndGlobalSection
	GlobalSection(ProjectConfigurationPlatforms) = postSolution
		{E33292C4-BBBA-48DF-BEA6-D5EF79CFFAAE}.Debug|Any CPU.ActiveCfg = Debug|Any CPU
		{E33292C4-BBBA-48DF-BEA6-D5EF79CFFAAE}.Debug|Any CPU.Build.0 = Debug|Any CPU
		{E33292C4-BBBA-48DF-BEA6-D5EF79CFFAAE}.Release|Any CPU.ActiveCfg = Release|Any CPU
		{E33292C4-BBBA-48DF-BEA6-D5EF79CFFAAE}.Release|Any CPU.Build.0 = Release|Any CPU
		{A955BEAC-D43A-4B0B-B5A0-9FAC386976EF}.Debug|Any CPU.ActiveCfg = Debug|Any CPU
		{A955BEAC-D43A-4B0B-B5A0-9FAC386976EF}.Debug|Any CPU.Build.0 = Debug|Any CPU
		{A955BEAC-D43A-4B0B-B5A0-9FAC386976EF}.Release|Any CPU.ActiveCfg = Release|Any CPU
		{A955BEAC-D43A-4B0B-B5A0-9FAC386976EF}.Release|Any CPU.Build.0 = Release|Any CPU
		{93D3A1E1-9681-4D39-823F-7D0F4D9D649A}.Debug|Any CPU.ActiveCfg = Debug|Any CPU
		{93D3A1E1-9681-4D39-823F-7D0F4D9D649A}.Debug|Any CPU.Build.0 = Debug|Any CPU
		{93D3A1E1-9681-4D39-823F-7D0F4D9D649A}.Release|Any CPU.ActiveCfg = Release|Any CPU
		{93D3A1E1-9681-4D39-823F-7D0F4D9D649A}.Release|Any CPU.Build.0 = Release|Any CPU
		{7906760F-437C-47BA-8426-0E28C0D1C080}.Debug|Any CPU.ActiveCfg = Debug|Any CPU
		{7906760F-437C-47BA-8426-0E28C0D1C080}.Debug|Any CPU.Build.0 = Debug|Any CPU
		{7906760F-437C-47BA-8426-0E28C0D1C080}.Release|Any CPU.ActiveCfg = Release|Any CPU
		{7906760F-437C-47BA-8426-0E28C0D1C080}.Release|Any CPU.Build.0 = Release|Any CPU
	EndGlobalSection
	GlobalSection(NestedProjects) = preSolution
		{205E7B3A-DB0D-497A-98C5-722676927192} = {70F54282-BAA5-4B1D-94EB-F98BD577C1A9}
		{E33292C4-BBBA-48DF-BEA6-D5EF79CFFAAE} = {205E7B3A-DB0D-497A-98C5-722676927192}
		{E95E0C7D-4A9F-4439-A031-DDF4E6C67896} = {70F54282-BAA5-4B1D-94EB-F98BD577C1A9}
		{A955BEAC-D43A-4B0B-B5A0-9FAC386976EF} = {E95E0C7D-4A9F-4439-A031-DDF4E6C67896}
		{6E89A521-9BDE-451A-AC81-FC9878DCE892} = {70F54282-BAA5-4B1D-94EB-F98BD577C1A9}
		{93D3A1E1-9681-4D39-823F-7D0F4D9D649A} = {6E89A521-9BDE-451A-AC81-FC9878DCE892}
		{DFF9DA2D-DEEF-48EB-BE71-CC4E88C3D67A} = {70F54282-BAA5-4B1D-94EB-F98BD577C1A9}
		{7906760F-437C-47BA-8426-0E28C0D1C080} = {DFF9DA2D-DEEF-48EB-BE71-CC4E88C3D67A}
	EndGlobalSection
EndGlobal
