Microsoft Visual Studio Solution File, Format Version 12.00
# Visual Studio Version 17
VisualStudioVersion = 17.5.2.0
MinimumVisualStudioVersion = 10.0.40219.1
Project("{FAE04EC0-301F-11D3-BF4B-00C04F79EFBC}") = "Common.Shared", "Common.Shared\Common.Shared.csproj", "{549B26A9-3EC0-CCE6-9FC8-C6BC5009A14A}"
EndProject
Global
	GlobalSection(SolutionConfigurationPlatforms) = preSolution
		Debug|Any CPU = Debug|Any CPU
		Release|Any CPU = Release|Any CPU
	EndGlobalSection
	GlobalSection(ProjectConfigurationPlatforms) = postSolution
		{549B26A9-3EC0-CCE6-9FC8-C6BC5009A14A}.Debug|Any CPU.ActiveCfg = Debug|Any CPU
		{549B26A9-3EC0-CCE6-9FC8-C6BC5009A14A}.Debug|Any CPU.Build.0 = Debug|Any CPU
		{549B26A9-3EC0-CCE6-9FC8-C6BC5009A14A}.Release|Any CPU.ActiveCfg = Release|Any CPU
		{549B26A9-3EC0-CCE6-9FC8-C6BC5009A14A}.Release|Any CPU.Build.0 = Release|Any CPU
	EndGlobalSection
	GlobalSection(SolutionProperties) = preSolution
		HideSolutionNode = FALSE
	EndGlobalSection
	GlobalSection(ExtensibilityGlobals) = postSolution
		SolutionGuid = {2A3A30A1-F196-42F4-A5DA-E51246DD4E77}
	EndGlobalSection
EndGlobal
