Microsoft Visual Studio Solution File, Format Version 12.00
# Visual Studio Version 17
VisualStudioVersion = 17.5.2.0
MinimumVisualStudioVersion = 10.0.40219.1
Project("{FAE04EC0-301F-11D3-BF4B-00C04F79EFBC}") = "Event.Api", "Event.Api\Event.Api.csproj", "{7C2EFAC9-8CFF-1604-FD3D-3E079C1C9E7F}"
EndProject
Project("{FAE04EC0-301F-11D3-BF4B-00C04F79EFBC}") = "Event.Application", "Event.Application\Event.Application.csproj", "{EAD34D25-9655-3C85-4401-2BDF1AECBF33}"
EndProject
Project("{FAE04EC0-301F-11D3-BF4B-00C04F79EFBC}") = "Event.Core", "Event.Core\Event.Core.csproj", "{69A64FB0-1920-6D38-0562-93E4879CB29B}"
EndProject
Project("{FAE04EC0-301F-11D3-BF4B-00C04F79EFBC}") = "Event.Infrastructure", "Event.Infrastructure\Event.Infrastructure.csproj", "{9526087D-7350-6C28-FD28-6D06039E7416}"
EndProject
Global
	GlobalSection(SolutionConfigurationPlatforms) = preSolution
		Debug|Any CPU = Debug|Any CPU
		Release|Any CPU = Release|Any CPU
	EndGlobalSection
	GlobalSection(ProjectConfigurationPlatforms) = postSolution
		{7C2EFAC9-8CFF-1604-FD3D-3E079C1C9E7F}.Debug|Any CPU.ActiveCfg = Debug|Any CPU
		{7C2EFAC9-8CFF-1604-FD3D-3E079C1C9E7F}.Debug|Any CPU.Build.0 = Debug|Any CPU
		{7C2EFAC9-8CFF-1604-FD3D-3E079C1C9E7F}.Release|Any CPU.ActiveCfg = Release|Any CPU
		{7C2EFAC9-8CFF-1604-FD3D-3E079C1C9E7F}.Release|Any CPU.Build.0 = Release|Any CPU
		{EAD34D25-9655-3C85-4401-2BDF1AECBF33}.Debug|Any CPU.ActiveCfg = Debug|Any CPU
		{EAD34D25-9655-3C85-4401-2BDF1AECBF33}.Debug|Any CPU.Build.0 = Debug|Any CPU
		{EAD34D25-9655-3C85-4401-2BDF1AECBF33}.Release|Any CPU.ActiveCfg = Release|Any CPU
		{EAD34D25-9655-3C85-4401-2BDF1AECBF33}.Release|Any CPU.Build.0 = Release|Any CPU
		{69A64FB0-1920-6D38-0562-93E4879CB29B}.Debug|Any CPU.ActiveCfg = Debug|Any CPU
		{69A64FB0-1920-6D38-0562-93E4879CB29B}.Debug|Any CPU.Build.0 = Debug|Any CPU
		{69A64FB0-1920-6D38-0562-93E4879CB29B}.Release|Any CPU.ActiveCfg = Release|Any CPU
		{69A64FB0-1920-6D38-0562-93E4879CB29B}.Release|Any CPU.Build.0 = Release|Any CPU
		{9526087D-7350-6C28-FD28-6D06039E7416}.Debug|Any CPU.ActiveCfg = Debug|Any CPU
		{9526087D-7350-6C28-FD28-6D06039E7416}.Debug|Any CPU.Build.0 = Debug|Any CPU
		{9526087D-7350-6C28-FD28-6D06039E7416}.Release|Any CPU.ActiveCfg = Release|Any CPU
		{9526087D-7350-6C28-FD28-6D06039E7416}.Release|Any CPU.Build.0 = Release|Any CPU
	EndGlobalSection
	GlobalSection(SolutionProperties) = preSolution
		HideSolutionNode = FALSE
	EndGlobalSection
	GlobalSection(ExtensibilityGlobals) = postSolution
		SolutionGuid = {69B8EFDA-6DC2-4864-B45D-45FDE40D0A1F}
	EndGlobalSection
EndGlobal
